lockfileVersion: '6.0'

settings:
  autoInstallPeers: true
  excludeLinksFromLockfile: false

dependencies:
  '@adobe/lit-mobx':
    specifier: ^2.2.2
    version: 2.2.2(lit@3.1.3)(mobx@6.12.3)
  '@codemirror/commands':
    specifier: ^6.5.0
    version: 6.5.0
  '@codemirror/lang-json':
    specifier: ^6.0.1
    version: 6.0.1
  '@codemirror/language':
    specifier: ^6.10.1
    version: 6.10.1
  '@codemirror/state':
    specifier: ^6.4.1
    version: 6.4.1
  '@codemirror/view':
    specifier: ^6.26.3
    version: 6.26.3
  '@lit/context':
    specifier: ^1.1.1
    version: 1.1.1
  '@tauri-apps/api':
    specifier: ^1
    version: 1.5.4
  '@vaadin/button':
    specifier: ^24.3.11
    version: 24.3.11
  '@vaadin/checkbox':
    specifier: ^24.3.11
    version: 24.3.11
  '@vaadin/custom-field':
    specifier: ^24.3.11
    version: 24.3.11
  '@vaadin/horizontal-layout':
    specifier: ^24.3.11
    version: 24.3.11
  '@vaadin/icon':
    specifier: ^24.3.11
    version: 24.3.11
  '@vaadin/icons':
    specifier: ^24.3.11
    version: 24.3.11
  '@vaadin/select':
    specifier: ^24.3.11
    version: 24.3.11
  '@vaadin/tabs':
    specifier: ^24.3.11
    version: 24.3.11
  '@vaadin/tabsheet':
    specifier: ^24.3.11
    version: 24.3.11
  '@vaadin/text-area':
    specifier: ^24.3.11
    version: 24.3.11
  '@vaadin/text-field':
    specifier: ^24.3.11
    version: 24.3.11
  '@vaadin/tooltip':
    specifier: ^24.3.11
    version: 24.3.11
  '@vaadin/vertical-layout':
    specifier: ^24.3.11
    version: 24.3.11
  codemirror:
    specifier: ^6.0.1
    version: 6.0.1(@lezer/common@1.2.1)
  lit:
    specifier: ^3.1.3
    version: 3.1.3
  mobx:
    specifier: ^6.12.3
    version: 6.12.3

devDependencies:
  '@tauri-apps/cli':
    specifier: ^1
    version: 1.5.12
  typescript:
    specifier: ^5.0.2
    version: 5.4.5
  vite:
    specifier: ^5.0.0
    version: 5.2.11

packages:

  /@adobe/lit-mobx@2.2.2(lit@3.1.3)(mobx@6.12.3):
    resolution: {integrity: sha512-TKmaEgu0m8dxydo0cAhJ5qaNoa/moQr8I3E9DtxVb0OSu/huXps+gUg/6oz7sYllcSl4KFZtzfyfx7EstbQ9tw==}
    peerDependencies:
      lit: ^2.0.0 || ^3.0.0
      mobx: ^5.0.0 || ^6.0.0
    dependencies:
      lit: 3.1.3
      mobx: 6.12.3
    dev: false

  /@codemirror/autocomplete@6.16.0(@codemirror/language@6.10.1)(@codemirror/state@6.4.1)(@codemirror/view@6.26.3)(@lezer/common@1.2.1):
    resolution: {integrity: sha512-P/LeCTtZHRTCU4xQsa89vSKWecYv1ZqwzOd5topheGRf+qtacFgBeIMQi3eL8Kt/BUNvxUWkx+5qP2jlGoARrg==}
    peerDependencies:
      '@codemirror/language': ^6.0.0
      '@codemirror/state': ^6.0.0
      '@codemirror/view': ^6.0.0
      '@lezer/common': ^1.0.0
    dependencies:
      '@codemirror/language': 6.10.1
      '@codemirror/state': 6.4.1
      '@codemirror/view': 6.26.3
      '@lezer/common': 1.2.1
    dev: false

  /@codemirror/commands@6.5.0:
    resolution: {integrity: sha512-rK+sj4fCAN/QfcY9BEzYMgp4wwL/q5aj/VfNSoH1RWPF9XS/dUwBkvlL3hpWgEjOqlpdN1uLC9UkjJ4tmyjJYg==}
    dependencies:
      '@codemirror/language': 6.10.1
      '@codemirror/state': 6.4.1
      '@codemirror/view': 6.26.3
      '@lezer/common': 1.2.1
    dev: false

  /@codemirror/lang-json@6.0.1:
    resolution: {integrity: sha512-+T1flHdgpqDDlJZ2Lkil/rLiRy684WMLc74xUnjJH48GQdfJo/pudlTRreZmKwzP8/tGdKf83wlbAdOCzlJOGQ==}
    dependencies:
      '@codemirror/language': 6.10.1
      '@lezer/json': 1.0.2
    dev: false

  /@codemirror/language@6.10.1:
    resolution: {integrity: sha512-5GrXzrhq6k+gL5fjkAwt90nYDmjlzTIJV8THnxNFtNKWotMIlzzN+CpqxqwXOECnUdOndmSeWntVrVcv5axWRQ==}
    dependencies:
      '@codemirror/state': 6.4.1
      '@codemirror/view': 6.26.3
      '@lezer/common': 1.2.1
      '@lezer/highlight': 1.2.0
      '@lezer/lr': 1.4.0
      style-mod: 4.1.2
    dev: false

  /@codemirror/lint@6.7.0:
    resolution: {integrity: sha512-LTLOL2nT41ADNSCCCCw8Q/UmdAFzB23OUYSjsHTdsVaH0XEo+orhuqbDNWzrzodm14w6FOxqxpmy4LF8Lixqjw==}
    dependencies:
      '@codemirror/state': 6.4.1
      '@codemirror/view': 6.26.3
      crelt: 1.0.6
    dev: false

  /@codemirror/search@6.5.6:
    resolution: {integrity: sha512-rpMgcsh7o0GuCDUXKPvww+muLA1pDJaFrpq/CCHtpQJYz8xopu4D1hPcKRoDD0YlF8gZaqTNIRa4VRBWyhyy7Q==}
    dependencies:
      '@codemirror/state': 6.4.1
      '@codemirror/view': 6.26.3
      crelt: 1.0.6
    dev: false

  /@codemirror/state@6.4.1:
    resolution: {integrity: sha512-QkEyUiLhsJoZkbumGZlswmAhA7CBU02Wrz7zvH4SrcifbsqwlXShVXg65f3v/ts57W3dqyamEriMhij1Z3Zz4A==}
    dev: false

  /@codemirror/view@6.26.3:
    resolution: {integrity: sha512-gmqxkPALZjkgSxIeeweY/wGQXBfwTUaLs8h7OKtSwfbj9Ct3L11lD+u1sS7XHppxFQoMDiMDp07P9f3I2jWOHw==}
    dependencies:
      '@codemirror/state': 6.4.1
      style-mod: 4.1.2
      w3c-keyname: 2.2.8
    dev: false

  /@esbuild/aix-ppc64@0.20.2:
    resolution: {integrity: sha512-D+EBOJHXdNZcLJRBkhENNG8Wji2kgc9AZ9KiPr1JuZjsNtyHzrsfLRrY0tk2H2aoFu6RANO1y1iPPUCDYWkb5g==}
    engines: {node: '>=12'}
    cpu: [ppc64]
    os: [aix]
    requiresBuild: true
    dev: true
    optional: true

  /@esbuild/android-arm64@0.20.2:
    resolution: {integrity: sha512-mRzjLacRtl/tWU0SvD8lUEwb61yP9cqQo6noDZP/O8VkwafSYwZ4yWy24kan8jE/IMERpYncRt2dw438LP3Xmg==}
    engines: {node: '>=12'}
    cpu: [arm64]
    os: [android]
    requiresBuild: true
    dev: true
    optional: true

  /@esbuild/android-arm@0.20.2:
    resolution: {integrity: sha512-t98Ra6pw2VaDhqNWO2Oph2LXbz/EJcnLmKLGBJwEwXX/JAN83Fym1rU8l0JUWK6HkIbWONCSSatf4sf2NBRx/w==}
    engines: {node: '>=12'}
    cpu: [arm]
    os: [android]
    requiresBuild: true
    dev: true
    optional: true

  /@esbuild/android-x64@0.20.2:
    resolution: {integrity: sha512-btzExgV+/lMGDDa194CcUQm53ncxzeBrWJcncOBxuC6ndBkKxnHdFJn86mCIgTELsooUmwUm9FkhSp5HYu00Rg==}
    engines: {node: '>=12'}
    cpu: [x64]
    os: [android]
    requiresBuild: true
    dev: true
    optional: true

  /@esbuild/darwin-arm64@0.20.2:
    resolution: {integrity: sha512-4J6IRT+10J3aJH3l1yzEg9y3wkTDgDk7TSDFX+wKFiWjqWp/iCfLIYzGyasx9l0SAFPT1HwSCR+0w/h1ES/MjA==}
    engines: {node: '>=12'}
    cpu: [arm64]
    os: [darwin]
    requiresBuild: true
    dev: true
    optional: true

  /@esbuild/darwin-x64@0.20.2:
    resolution: {integrity: sha512-tBcXp9KNphnNH0dfhv8KYkZhjc+H3XBkF5DKtswJblV7KlT9EI2+jeA8DgBjp908WEuYll6pF+UStUCfEpdysA==}
    engines: {node: '>=12'}
    cpu: [x64]
    os: [darwin]
    requiresBuild: true
    dev: true
    optional: true

  /@esbuild/freebsd-arm64@0.20.2:
    resolution: {integrity: sha512-d3qI41G4SuLiCGCFGUrKsSeTXyWG6yem1KcGZVS+3FYlYhtNoNgYrWcvkOoaqMhwXSMrZRl69ArHsGJ9mYdbbw==}
    engines: {node: '>=12'}
    cpu: [arm64]
    os: [freebsd]
    requiresBuild: true
    dev: true
    optional: true

  /@esbuild/freebsd-x64@0.20.2:
    resolution: {integrity: sha512-d+DipyvHRuqEeM5zDivKV1KuXn9WeRX6vqSqIDgwIfPQtwMP4jaDsQsDncjTDDsExT4lR/91OLjRo8bmC1e+Cw==}
    engines: {node: '>=12'}
    cpu: [x64]
    os: [freebsd]
    requiresBuild: true
    dev: true
    optional: true

  /@esbuild/linux-arm64@0.20.2:
    resolution: {integrity: sha512-9pb6rBjGvTFNira2FLIWqDk/uaf42sSyLE8j1rnUpuzsODBq7FvpwHYZxQ/It/8b+QOS1RYfqgGFNLRI+qlq2A==}
    engines: {node: '>=12'}
    cpu: [arm64]
    os: [linux]
    requiresBuild: true
    dev: true
    optional: true

  /@esbuild/linux-arm@0.20.2:
    resolution: {integrity: sha512-VhLPeR8HTMPccbuWWcEUD1Az68TqaTYyj6nfE4QByZIQEQVWBB8vup8PpR7y1QHL3CpcF6xd5WVBU/+SBEvGTg==}
    engines: {node: '>=12'}
    cpu: [arm]
    os: [linux]
    requiresBuild: true
    dev: true
    optional: true

  /@esbuild/linux-ia32@0.20.2:
    resolution: {integrity: sha512-o10utieEkNPFDZFQm9CoP7Tvb33UutoJqg3qKf1PWVeeJhJw0Q347PxMvBgVVFgouYLGIhFYG0UGdBumROyiig==}
    engines: {node: '>=12'}
    cpu: [ia32]
    os: [linux]
    requiresBuild: true
    dev: true
    optional: true

  /@esbuild/linux-loong64@0.20.2:
    resolution: {integrity: sha512-PR7sp6R/UC4CFVomVINKJ80pMFlfDfMQMYynX7t1tNTeivQ6XdX5r2XovMmha/VjR1YN/HgHWsVcTRIMkymrgQ==}
    engines: {node: '>=12'}
    cpu: [loong64]
    os: [linux]
    requiresBuild: true
    dev: true
    optional: true

  /@esbuild/linux-mips64el@0.20.2:
    resolution: {integrity: sha512-4BlTqeutE/KnOiTG5Y6Sb/Hw6hsBOZapOVF6njAESHInhlQAghVVZL1ZpIctBOoTFbQyGW+LsVYZ8lSSB3wkjA==}
    engines: {node: '>=12'}
    cpu: [mips64el]
    os: [linux]
    requiresBuild: true
    dev: true
    optional: true

  /@esbuild/linux-ppc64@0.20.2:
    resolution: {integrity: sha512-rD3KsaDprDcfajSKdn25ooz5J5/fWBylaaXkuotBDGnMnDP1Uv5DLAN/45qfnf3JDYyJv/ytGHQaziHUdyzaAg==}
    engines: {node: '>=12'}
    cpu: [ppc64]
    os: [linux]
    requiresBuild: true
    dev: true
    optional: true

  /@esbuild/linux-riscv64@0.20.2:
    resolution: {integrity: sha512-snwmBKacKmwTMmhLlz/3aH1Q9T8v45bKYGE3j26TsaOVtjIag4wLfWSiZykXzXuE1kbCE+zJRmwp+ZbIHinnVg==}
    engines: {node: '>=12'}
    cpu: [riscv64]
    os: [linux]
    requiresBuild: true
    dev: true
    optional: true

  /@esbuild/linux-s390x@0.20.2:
    resolution: {integrity: sha512-wcWISOobRWNm3cezm5HOZcYz1sKoHLd8VL1dl309DiixxVFoFe/o8HnwuIwn6sXre88Nwj+VwZUvJf4AFxkyrQ==}
    engines: {node: '>=12'}
    cpu: [s390x]
    os: [linux]
    requiresBuild: true
    dev: true
    optional: true

  /@esbuild/linux-x64@0.20.2:
    resolution: {integrity: sha512-1MdwI6OOTsfQfek8sLwgyjOXAu+wKhLEoaOLTjbijk6E2WONYpH9ZU2mNtR+lZ2B4uwr+usqGuVfFT9tMtGvGw==}
    engines: {node: '>=12'}
    cpu: [x64]
    os: [linux]
    requiresBuild: true
    dev: true
    optional: true

  /@esbuild/netbsd-x64@0.20.2:
    resolution: {integrity: sha512-K8/DhBxcVQkzYc43yJXDSyjlFeHQJBiowJ0uVL6Tor3jGQfSGHNNJcWxNbOI8v5k82prYqzPuwkzHt3J1T1iZQ==}
    engines: {node: '>=12'}
    cpu: [x64]
    os: [netbsd]
    requiresBuild: true
    dev: true
    optional: true

  /@esbuild/openbsd-x64@0.20.2:
    resolution: {integrity: sha512-eMpKlV0SThJmmJgiVyN9jTPJ2VBPquf6Kt/nAoo6DgHAoN57K15ZghiHaMvqjCye/uU4X5u3YSMgVBI1h3vKrQ==}
    engines: {node: '>=12'}
    cpu: [x64]
    os: [openbsd]
    requiresBuild: true
    dev: true
    optional: true

  /@esbuild/sunos-x64@0.20.2:
    resolution: {integrity: sha512-2UyFtRC6cXLyejf/YEld4Hajo7UHILetzE1vsRcGL3earZEW77JxrFjH4Ez2qaTiEfMgAXxfAZCm1fvM/G/o8w==}
    engines: {node: '>=12'}
    cpu: [x64]
    os: [sunos]
    requiresBuild: true
    dev: true
    optional: true

  /@esbuild/win32-arm64@0.20.2:
    resolution: {integrity: sha512-GRibxoawM9ZCnDxnP3usoUDO9vUkpAxIIZ6GQI+IlVmr5kP3zUq+l17xELTHMWTWzjxa2guPNyrpq1GWmPvcGQ==}
    engines: {node: '>=12'}
    cpu: [arm64]
    os: [win32]
    requiresBuild: true
    dev: true
    optional: true

  /@esbuild/win32-ia32@0.20.2:
    resolution: {integrity: sha512-HfLOfn9YWmkSKRQqovpnITazdtquEW8/SoHW7pWpuEeguaZI4QnCRW6b+oZTztdBnZOS2hqJ6im/D5cPzBTTlQ==}
    engines: {node: '>=12'}
    cpu: [ia32]
    os: [win32]
    requiresBuild: true
    dev: true
    optional: true

  /@esbuild/win32-x64@0.20.2:
    resolution: {integrity: sha512-N49X4lJX27+l9jbLKSqZ6bKNjzQvHaT8IIFUy+YIqmXQdjYCToGWwOItDrfby14c78aDd5NHQl29xingXfCdLQ==}
    engines: {node: '>=12'}
    cpu: [x64]
    os: [win32]
    requiresBuild: true
    dev: true
    optional: true

  /@lezer/common@1.2.1:
    resolution: {integrity: sha512-yemX0ZD2xS/73llMZIK6KplkjIjf2EvAHcinDi/TfJ9hS25G0388+ClHt6/3but0oOxinTcQHJLDXh6w1crzFQ==}
    dev: false

  /@lezer/highlight@1.2.0:
    resolution: {integrity: sha512-WrS5Mw51sGrpqjlh3d4/fOwpEV2Hd3YOkp9DBt4k8XZQcoTHZFB7sx030A6OcahF4J1nDQAa3jXlTVVYH50IFA==}
    dependencies:
      '@lezer/common': 1.2.1
    dev: false

  /@lezer/json@1.0.2:
    resolution: {integrity: sha512-xHT2P4S5eeCYECyKNPhr4cbEL9tc8w83SPwRC373o9uEdrvGKTZoJVAGxpOsZckMlEh9W23Pc72ew918RWQOBQ==}
    dependencies:
      '@lezer/common': 1.2.1
      '@lezer/highlight': 1.2.0
      '@lezer/lr': 1.4.0
    dev: false

  /@lezer/lr@1.4.0:
    resolution: {integrity: sha512-Wst46p51km8gH0ZUmeNrtpRYmdlRHUpN1DQd3GFAyKANi8WVz8c2jHYTf1CVScFaCjQw1iO3ZZdqGDxQPRErTg==}
    dependencies:
      '@lezer/common': 1.2.1
    dev: false

  /@lit-labs/ssr-dom-shim@1.2.0:
    resolution: {integrity: sha512-yWJKmpGE6lUURKAaIltoPIE/wrbY3TEkqQt+X0m+7fQNnAv0keydnYvbiJFP1PnMhizmIWRWOG5KLhYyc/xl+g==}
    dev: false

  /@lit/context@1.1.1:
    resolution: {integrity: sha512-q/Rw7oWSJidUP43f/RUPwqZ6f5VlY8HzinTWxL/gW1Hvm2S5q2hZvV+qM8WFcC+oLNNknc3JKsd5TwxLk1hbdg==}
    dependencies:
      '@lit/reactive-element': 2.0.4
    dev: false

  /@lit/reactive-element@2.0.4:
    resolution: {integrity: sha512-GFn91inaUa2oHLak8awSIigYz0cU0Payr1rcFsrkf5OJ5eSPxElyZfKh0f2p9FsTiZWXQdWGJeXZICEfXXYSXQ==}
    dependencies:
      '@lit-labs/ssr-dom-shim': 1.2.0
    dev: false

  /@open-wc/dedupe-mixin@1.4.0:
    resolution: {integrity: sha512-Sj7gKl1TLcDbF7B6KUhtvr+1UCxdhMbNY5KxdU5IfMFWqL8oy1ZeAcCANjoB1TL0AJTcPmcCFsCbHf8X2jGDUA==}
    dev: false

  /@polymer/polymer@3.5.1:
    resolution: {integrity: sha512-JlAHuy+1qIC6hL1ojEUfIVD58fzTpJAoCxFwV5yr0mYTXV1H8bz5zy0+rC963Cgr9iNXQ4T9ncSjC2fkF9BQfw==}
    dependencies:
      '@webcomponents/shadycss': 1.11.2
    dev: false

  /@rollup/rollup-android-arm-eabi@4.17.2:
    resolution: {integrity: sha512-NM0jFxY8bB8QLkoKxIQeObCaDlJKewVlIEkuyYKm5An1tdVZ966w2+MPQ2l8LBZLjR+SgyV+nRkTIunzOYBMLQ==}
    cpu: [arm]
    os: [android]
    requiresBuild: true
    dev: true
    optional: true

  /@rollup/rollup-android-arm64@4.17.2:
    resolution: {integrity: sha512-yeX/Usk7daNIVwkq2uGoq2BYJKZY1JfyLTaHO/jaiSwi/lsf8fTFoQW/n6IdAsx5tx+iotu2zCJwz8MxI6D/Bw==}
    cpu: [arm64]
    os: [android]
    requiresBuild: true
    dev: true
    optional: true

  /@rollup/rollup-darwin-arm64@4.17.2:
    resolution: {integrity: sha512-kcMLpE6uCwls023+kknm71ug7MZOrtXo+y5p/tsg6jltpDtgQY1Eq5sGfHcQfb+lfuKwhBmEURDga9N0ol4YPw==}
    cpu: [arm64]
    os: [darwin]
    requiresBuild: true
    dev: true
    optional: true

  /@rollup/rollup-darwin-x64@4.17.2:
    resolution: {integrity: sha512-AtKwD0VEx0zWkL0ZjixEkp5tbNLzX+FCqGG1SvOu993HnSz4qDI6S4kGzubrEJAljpVkhRSlg5bzpV//E6ysTQ==}
    cpu: [x64]
    os: [darwin]
    requiresBuild: true
    dev: true
    optional: true

  /@rollup/rollup-linux-arm-gnueabihf@4.17.2:
    resolution: {integrity: sha512-3reX2fUHqN7sffBNqmEyMQVj/CKhIHZd4y631duy0hZqI8Qoqf6lTtmAKvJFYa6bhU95B1D0WgzHkmTg33In0A==}
    cpu: [arm]
    os: [linux]
    requiresBuild: true
    dev: true
    optional: true

  /@rollup/rollup-linux-arm-musleabihf@4.17.2:
    resolution: {integrity: sha512-uSqpsp91mheRgw96xtyAGP9FW5ChctTFEoXP0r5FAzj/3ZRv3Uxjtc7taRQSaQM/q85KEKjKsZuiZM3GyUivRg==}
    cpu: [arm]
    os: [linux]
    requiresBuild: true
    dev: true
    optional: true

  /@rollup/rollup-linux-arm64-gnu@4.17.2:
    resolution: {integrity: sha512-EMMPHkiCRtE8Wdk3Qhtciq6BndLtstqZIroHiiGzB3C5LDJmIZcSzVtLRbwuXuUft1Cnv+9fxuDtDxz3k3EW2A==}
    cpu: [arm64]
    os: [linux]
    requiresBuild: true
    dev: true
    optional: true

  /@rollup/rollup-linux-arm64-musl@4.17.2:
    resolution: {integrity: sha512-NMPylUUZ1i0z/xJUIx6VUhISZDRT+uTWpBcjdv0/zkp7b/bQDF+NfnfdzuTiB1G6HTodgoFa93hp0O1xl+/UbA==}
    cpu: [arm64]
    os: [linux]
    requiresBuild: true
    dev: true
    optional: true

  /@rollup/rollup-linux-powerpc64le-gnu@4.17.2:
    resolution: {integrity: sha512-T19My13y8uYXPw/L/k0JYaX1fJKFT/PWdXiHr8mTbXWxjVF1t+8Xl31DgBBvEKclw+1b00Chg0hxE2O7bTG7GQ==}
    cpu: [ppc64]
    os: [linux]
    requiresBuild: true
    dev: true
    optional: true

  /@rollup/rollup-linux-riscv64-gnu@4.17.2:
    resolution: {integrity: sha512-BOaNfthf3X3fOWAB+IJ9kxTgPmMqPPH5f5k2DcCsRrBIbWnaJCgX2ll77dV1TdSy9SaXTR5iDXRL8n7AnoP5cg==}
    cpu: [riscv64]
    os: [linux]
    requiresBuild: true
    dev: true
    optional: true

  /@rollup/rollup-linux-s390x-gnu@4.17.2:
    resolution: {integrity: sha512-W0UP/x7bnn3xN2eYMql2T/+wpASLE5SjObXILTMPUBDB/Fg/FxC+gX4nvCfPBCbNhz51C+HcqQp2qQ4u25ok6g==}
    cpu: [s390x]
    os: [linux]
    requiresBuild: true
    dev: true
    optional: true

  /@rollup/rollup-linux-x64-gnu@4.17.2:
    resolution: {integrity: sha512-Hy7pLwByUOuyaFC6mAr7m+oMC+V7qyifzs/nW2OJfC8H4hbCzOX07Ov0VFk/zP3kBsELWNFi7rJtgbKYsav9QQ==}
    cpu: [x64]
    os: [linux]
    requiresBuild: true
    dev: true
    optional: true

  /@rollup/rollup-linux-x64-musl@4.17.2:
    resolution: {integrity: sha512-h1+yTWeYbRdAyJ/jMiVw0l6fOOm/0D1vNLui9iPuqgRGnXA0u21gAqOyB5iHjlM9MMfNOm9RHCQ7zLIzT0x11Q==}
    cpu: [x64]
    os: [linux]
    requiresBuild: true
    dev: true
    optional: true

  /@rollup/rollup-win32-arm64-msvc@4.17.2:
    resolution: {integrity: sha512-tmdtXMfKAjy5+IQsVtDiCfqbynAQE/TQRpWdVataHmhMb9DCoJxp9vLcCBjEQWMiUYxO1QprH/HbY9ragCEFLA==}
    cpu: [arm64]
    os: [win32]
    requiresBuild: true
    dev: true
    optional: true

  /@rollup/rollup-win32-ia32-msvc@4.17.2:
    resolution: {integrity: sha512-7II/QCSTAHuE5vdZaQEwJq2ZACkBpQDOmQsE6D6XUbnBHW8IAhm4eTufL6msLJorzrHDFv3CF8oCA/hSIRuZeQ==}
    cpu: [ia32]
    os: [win32]
    requiresBuild: true
    dev: true
    optional: true

  /@rollup/rollup-win32-x64-msvc@4.17.2:
    resolution: {integrity: sha512-TGGO7v7qOq4CYmSBVEYpI1Y5xDuCEnbVC5Vth8mOsW0gDSzxNrVERPc790IGHsrT2dQSimgMr9Ub3Y1Jci5/8w==}
    cpu: [x64]
    os: [win32]
    requiresBuild: true
    dev: true
    optional: true

  /@tauri-apps/api@1.5.4:
    resolution: {integrity: sha512-LKYae9URbdEdbHrOXBeXb/lZgVyWTX0E98rSFBuQlmkLr8OeG+akuE41PfLjBVyk1Q+fq7wxo4ieenLSMUAUhA==}
    engines: {node: '>= 14.6.0', npm: '>= 6.6.0', yarn: '>= 1.19.1'}
    dev: false

  /@tauri-apps/cli-darwin-arm64@1.5.12:
    resolution: {integrity: sha512-ud06E547WE7oDZeN5rH4eeB90Rie0aSCFH0Zb6XyNb6qgg0ZIftM+N3OjVONxk84/g//nr4/x7wW6LOwiwvPHw==}
    engines: {node: '>= 10'}
    cpu: [arm64]
    os: [darwin]
    requiresBuild: true
    dev: true
    optional: true

  /@tauri-apps/cli-darwin-x64@1.5.12:
    resolution: {integrity: sha512-hSz9cuHO4lYora0z2XRFEIblkStT3eJvh/iYmsFfjT3usGBt2fTPMJ4SnL1Uyu64Y59dqyRNBikuBuymAFESjA==}
    engines: {node: '>= 10'}
    cpu: [x64]
    os: [darwin]
    requiresBuild: true
    dev: true
    optional: true

  /@tauri-apps/cli-linux-arm-gnueabihf@1.5.12:
    resolution: {integrity: sha512-FanE15/c7nz64CcTFe7f+8b7+rFQCb3Ivju+4sxVSPkAOJXHc5no3Y/LxFt85SAOMgPTB2FMuxHUdjvLjd2D1w==}
    engines: {node: '>= 10'}
    cpu: [arm]
    os: [linux]
    requiresBuild: true
    dev: true
    optional: true

  /@tauri-apps/cli-linux-arm64-gnu@1.5.12:
    resolution: {integrity: sha512-ETVyIcR4xVGnuhTgTY+kPG5LbAJQobPA8OxSLRY203f0cqYuSPffgyahtS65uPJ9egWIN3fflDKGTE1xcgFNAA==}
    engines: {node: '>= 10'}
    cpu: [arm64]
    os: [linux]
    requiresBuild: true
    dev: true
    optional: true

  /@tauri-apps/cli-linux-arm64-musl@1.5.12:
    resolution: {integrity: sha512-ZhMagbS50dDV9glHrtRg1bkUa7sUDPsZ9bJ0xnd0vr8Smi8RiJ/dgQbF5eQNp4ahzYl+FtLjBkMTZKACrKgusg==}
    engines: {node: '>= 10'}
    cpu: [arm64]
    os: [linux]
    requiresBuild: true
    dev: true
    optional: true

  /@tauri-apps/cli-linux-x64-gnu@1.5.12:
    resolution: {integrity: sha512-H6jXU4AG8g6FZxX+U3M76zigbLvj7bE+wG+xOrS7xCRwkfAEKw0aulymdFfOl44KBZDQQsV5KYA6T6csx3KbIQ==}
    engines: {node: '>= 10'}
    cpu: [x64]
    os: [linux]
    requiresBuild: true
    dev: true
    optional: true

  /@tauri-apps/cli-linux-x64-musl@1.5.12:
    resolution: {integrity: sha512-Y/0dzBD8oFZ04Xq75LKPJvOI2MbVFdwGY6w41l24OxNiNopF7AzdrZGTJ+MoUbU9PALNP8ABhOP6BYZiV528OA==}
    engines: {node: '>= 10'}
    cpu: [x64]
    os: [linux]
    requiresBuild: true
    dev: true
    optional: true

  /@tauri-apps/cli-win32-arm64-msvc@1.5.12:
    resolution: {integrity: sha512-fxCS1/zQp+W7Lze+6Sh64RLqWFE57NsU+Y9L30ZKt5Prnt2LXEoa3POSaQpgHLRgwL/WfDW2nkYBRH3fVIrpQg==}
    engines: {node: '>= 10'}
    cpu: [arm64]
    os: [win32]
    requiresBuild: true
    dev: true
    optional: true

  /@tauri-apps/cli-win32-ia32-msvc@1.5.12:
    resolution: {integrity: sha512-keWSEBOxL8q750AzmL4L3DDJzDzmb6DGT3+0HTjbEfu+a2GRS1lnrkm3EEeAepPoz4r62+cOQbjPRP8YGtGfFw==}
    engines: {node: '>= 10'}
    cpu: [ia32]
    os: [win32]
    requiresBuild: true
    dev: true
    optional: true

  /@tauri-apps/cli-win32-x64-msvc@1.5.12:
    resolution: {integrity: sha512-+eIvaPVwtVM7puXlCZIS1lSFF0VZ0gAUShKwk/kBZi8xUYQoNEW2RUWSPp+TEdZsMiAxd/zFZ+tGgv83Hxjbjg==}
    engines: {node: '>= 10'}
    cpu: [x64]
    os: [win32]
    requiresBuild: true
    dev: true
    optional: true

  /@tauri-apps/cli@1.5.12:
    resolution: {integrity: sha512-tMvcMVIrvNjoPIVO5pZk7lJrHVXw7NBggpJXRAQsD7VkMW9hT1uX3jVZeoPCmQ5KbpXvjoNXe+Ws8nE2NR/8Ow==}
    engines: {node: '>= 10'}
    hasBin: true
    optionalDependencies:
      '@tauri-apps/cli-darwin-arm64': 1.5.12
      '@tauri-apps/cli-darwin-x64': 1.5.12
      '@tauri-apps/cli-linux-arm-gnueabihf': 1.5.12
      '@tauri-apps/cli-linux-arm64-gnu': 1.5.12
      '@tauri-apps/cli-linux-arm64-musl': 1.5.12
      '@tauri-apps/cli-linux-x64-gnu': 1.5.12
      '@tauri-apps/cli-linux-x64-musl': 1.5.12
      '@tauri-apps/cli-win32-arm64-msvc': 1.5.12
      '@tauri-apps/cli-win32-ia32-msvc': 1.5.12
      '@tauri-apps/cli-win32-x64-msvc': 1.5.12
    dev: true

  /@types/estree@1.0.5:
    resolution: {integrity: sha512-/kYRxGDLWzHOB7q+wtSUQlFrtcdUccpfy+X+9iMBpHK8QLLhx2wIPYuS5DYtR9Wa/YlZAbIovy7qVdB1Aq6Lyw==}
    dev: true

  /@types/trusted-types@2.0.7:
    resolution: {integrity: sha512-ScaPdn1dQczgbl0QFTeTOmVHFULt394XJgOQNoyVhZ6r2vLnMLJfBPd53SB52T/3G36VI1/g2MZaX0cwDuXsfw==}
    dev: false

  /@vaadin/a11y-base@24.3.11:
    resolution: {integrity: sha512-5tMnlKM55iWccY8dC8Sk52Q9tAftxUndrA+QKoqFUPmB8FeBLBqhNVhA3U+7PqUuRkg72ez1hgUd/nqLtYfGQQ==}
    dependencies:
      '@open-wc/dedupe-mixin': 1.4.0
      '@polymer/polymer': 3.5.1
      '@vaadin/component-base': 24.3.11
      lit: 3.1.3
    dev: false

  /@vaadin/button@24.3.11:
    resolution: {integrity: sha512-bNx0yDIgpgq0bZdmXT8qFtqmZPellK4M5AcZxVYhAsXg24k/MktNItOx9Zn03CqS4uMmtXZgbdJXNCXIdZmo6Q==}
    dependencies:
      '@open-wc/dedupe-mixin': 1.4.0
      '@polymer/polymer': 3.5.1
      '@vaadin/a11y-base': 24.3.11
      '@vaadin/component-base': 24.3.11
      '@vaadin/vaadin-lumo-styles': 24.3.11
      '@vaadin/vaadin-material-styles': 24.3.11
      '@vaadin/vaadin-themable-mixin': 24.3.11
      lit: 3.1.3
    dev: false

  /@vaadin/checkbox@24.3.11:
    resolution: {integrity: sha512-DTFrKI5ZwO+F0EZTfa2TZ9C1azngL4VeygzNi0ro+6c7SIJzZhm6r7UUWaidA50ThdbI5Uh0THNE67NVpcPISA==}
    dependencies:
      '@open-wc/dedupe-mixin': 1.4.0
      '@polymer/polymer': 3.5.1
      '@vaadin/a11y-base': 24.3.11
      '@vaadin/component-base': 24.3.11
      '@vaadin/field-base': 24.3.11
      '@vaadin/vaadin-lumo-styles': 24.3.11
      '@vaadin/vaadin-material-styles': 24.3.11
      '@vaadin/vaadin-themable-mixin': 24.3.11
      lit: 3.1.3
    dev: false

  /@vaadin/component-base@24.3.11:
    resolution: {integrity: sha512-90jec9d8tFzP1OdoMQhD79hKE7DHlLnbE7lmSk1FyKHU30z95TxAsdqCDfv1+QNur8ahqPUvQ8CzBEBsi6gpKg==}
    dependencies:
      '@open-wc/dedupe-mixin': 1.4.0
      '@polymer/polymer': 3.5.1
      '@vaadin/vaadin-development-mode-detector': 2.0.6
      '@vaadin/vaadin-usage-statistics': 2.1.2
      lit: 3.1.3
    dev: false

  /@vaadin/custom-field@24.3.11:
    resolution: {integrity: sha512-tQhdXpGMcIca5RgYO4fBDvHtRapty0I9YqRqANWuntt0HCCP9qPawsFvTbiHACvlzbmibF0ZOFnsJv1L6lPRSQ==}
    dependencies:
      '@open-wc/dedupe-mixin': 1.4.0
      '@polymer/polymer': 3.5.1
      '@vaadin/a11y-base': 24.3.11
      '@vaadin/component-base': 24.3.11
      '@vaadin/field-base': 24.3.11
      '@vaadin/vaadin-lumo-styles': 24.3.11
      '@vaadin/vaadin-material-styles': 24.3.11
      '@vaadin/vaadin-themable-mixin': 24.3.11
      lit: 3.1.3
    dev: false

  /@vaadin/field-base@24.3.11:
    resolution: {integrity: sha512-olMOwyP/xxfs0IQs8Nby1o6b1gTujUi8kVL/eQR3YBa8IUev/2wnM4wwwO83vrBPUmoF8XIFn+wf+9vRRnAfcg==}
    dependencies:
      '@open-wc/dedupe-mixin': 1.4.0
      '@polymer/polymer': 3.5.1
      '@vaadin/a11y-base': 24.3.11
      '@vaadin/component-base': 24.3.11
      lit: 3.1.3
    dev: false

  /@vaadin/horizontal-layout@24.3.11:
    resolution: {integrity: sha512-WCTd59Yii+xnsGhkGi91HSxrzmIa2O9ZERgQf5uqxSEI5iWT5TASivSAYZqyzMm5buEOTe+sHmBnd1GblgGVPA==}
    dependencies:
      '@polymer/polymer': 3.5.1
      '@vaadin/component-base': 24.3.11
      '@vaadin/vaadin-lumo-styles': 24.3.11
      '@vaadin/vaadin-material-styles': 24.3.11
      '@vaadin/vaadin-themable-mixin': 24.3.11
    dev: false

  /@vaadin/icon@24.3.11:
    resolution: {integrity: sha512-+ZLauTjROVi1WzU1gdcBWsusgDv/yf2cDg3yVpdrcrFCH6hVd/QJgoDFg6q8Cb/ro0KGCDueTQtVUQUNnxuweg==}
    dependencies:
      '@open-wc/dedupe-mixin': 1.4.0
      '@polymer/polymer': 3.5.1
      '@vaadin/component-base': 24.3.11
      '@vaadin/vaadin-lumo-styles': 24.3.11
      '@vaadin/vaadin-themable-mixin': 24.3.11
      lit: 3.1.3
    dev: false

  /@vaadin/icons@24.3.11:
    resolution: {integrity: sha512-cnS9+jjelZdZ7CFIh43Aeliy7Xfr4+voMnsLRoZGeiRybqaZuv5XNGZJcZfBzptvMF+hQSnX5e449KYhH+PrnQ==}
    dependencies:
      '@polymer/polymer': 3.5.1
      '@vaadin/icon': 24.3.11
    dev: false

  /@vaadin/input-container@24.3.11:
    resolution: {integrity: sha512-LM/DDWJuvt/l1Cz2qsw+V2WoEKTK9Mil44SNaEUrUZMk/CEqMvAOjyjky7quJO4G82WrhtoY9RtbR+nPqWuMVw==}
    dependencies:
      '@polymer/polymer': 3.5.1
      '@vaadin/component-base': 24.3.11
      '@vaadin/vaadin-lumo-styles': 24.3.11
      '@vaadin/vaadin-material-styles': 24.3.11
      '@vaadin/vaadin-themable-mixin': 24.3.11
      lit: 3.1.3
    dev: false

  /@vaadin/item@24.3.11:
    resolution: {integrity: sha512-ISXbOuncc1Ajywpzcu7yLbXztv8Vgaxqn8rZULWCyJzBOaHkUBBQeg+nKLsRLPvUWWnGQrS7SkIbHxPLVQnVWA==}
    dependencies:
      '@open-wc/dedupe-mixin': 1.4.0
      '@polymer/polymer': 3.5.1
      '@vaadin/a11y-base': 24.3.11
      '@vaadin/component-base': 24.3.11
      '@vaadin/vaadin-lumo-styles': 24.3.11
      '@vaadin/vaadin-material-styles': 24.3.11
      '@vaadin/vaadin-themable-mixin': 24.3.11
    dev: false

  /@vaadin/list-box@24.3.11:
    resolution: {integrity: sha512-NakJXX87DwoHMWIyqKMvh71Hk9Dt4RYeuT0Ow3h6r7PC8DSelcvCzavmM90eT0u4AgYTmRvZde1eKgZLBqUfHQ==}
    dependencies:
      '@open-wc/dedupe-mixin': 1.4.0
      '@polymer/polymer': 3.5.1
      '@vaadin/a11y-base': 24.3.11
      '@vaadin/component-base': 24.3.11
      '@vaadin/item': 24.3.11
      '@vaadin/vaadin-lumo-styles': 24.3.11
      '@vaadin/vaadin-material-styles': 24.3.11
      '@vaadin/vaadin-themable-mixin': 24.3.11
    dev: false

  /@vaadin/lit-renderer@24.3.11:
    resolution: {integrity: sha512-hYFoXkTVa49Y5bAIKCO2iRG5iL2PTxxGxRqNOwl3RqSDDi/Ak6A16A744mi4T5+Emz5gyHI/L4ZbFjx2dUqkLg==}
    dependencies:
      lit: 3.1.3
    dev: false

  /@vaadin/overlay@24.3.11:
    resolution: {integrity: sha512-KbId6k/9GMO43ffLci7uqeCi/F7Og7KaMp4wYeoR/xfs6hzBGe4PvRWj/b08qsZA8xzAFeSNn5GZr04rx9Iegw==}
    dependencies:
      '@open-wc/dedupe-mixin': 1.4.0
      '@polymer/polymer': 3.5.1
      '@vaadin/a11y-base': 24.3.11
      '@vaadin/component-base': 24.3.11
      '@vaadin/vaadin-lumo-styles': 24.3.11
      '@vaadin/vaadin-material-styles': 24.3.11
      '@vaadin/vaadin-themable-mixin': 24.3.11
    dev: false

  /@vaadin/scroller@24.3.11:
    resolution: {integrity: sha512-wkW4uz31+NUUVwz2iWqFGxKVBiM1v4FtzAKztjrqb3sdrXbyNg5Ecg0kU+ZiAK68hfDaoV8FIJIqSGymVv1fVA==}
    dependencies:
      '@polymer/polymer': 3.5.1
      '@vaadin/a11y-base': 24.3.11
      '@vaadin/component-base': 24.3.11
      '@vaadin/vaadin-lumo-styles': 24.3.11
      '@vaadin/vaadin-material-styles': 24.3.11
      '@vaadin/vaadin-themable-mixin': 24.3.11
    dev: false

  /@vaadin/select@24.3.11:
    resolution: {integrity: sha512-LWgHelOego84+h1yNTVA3bETQDFjLHgx1ssFUXgb2RCLPQd8l4cjm6PTtK3g3xpjrjonFf6xWXZYPOb50Uo9Zg==}
    dependencies:
      '@open-wc/dedupe-mixin': 1.4.0
      '@polymer/polymer': 3.5.1
      '@vaadin/a11y-base': 24.3.11
      '@vaadin/button': 24.3.11
      '@vaadin/component-base': 24.3.11
      '@vaadin/field-base': 24.3.11
      '@vaadin/input-container': 24.3.11
      '@vaadin/item': 24.3.11
      '@vaadin/list-box': 24.3.11
      '@vaadin/lit-renderer': 24.3.11
      '@vaadin/overlay': 24.3.11
      '@vaadin/vaadin-lumo-styles': 24.3.11
      '@vaadin/vaadin-material-styles': 24.3.11
      '@vaadin/vaadin-themable-mixin': 24.3.11
    dev: false

  /@vaadin/tabs@24.3.11:
    resolution: {integrity: sha512-I5C/+vv9b+P4HJuR7tE/eFyOsvQjflg1983J4nYddnpMPGDvahOGMimTJ3qrzwYjgH+MdUKmqc7x3NbHmdsRBQ==}
    dependencies:
      '@open-wc/dedupe-mixin': 1.4.0
      '@polymer/polymer': 3.5.1
      '@vaadin/a11y-base': 24.3.11
      '@vaadin/component-base': 24.3.11
      '@vaadin/item': 24.3.11
      '@vaadin/vaadin-lumo-styles': 24.3.11
      '@vaadin/vaadin-material-styles': 24.3.11
      '@vaadin/vaadin-themable-mixin': 24.3.11
      lit: 3.1.3
    dev: false

  /@vaadin/tabsheet@24.3.11:
    resolution: {integrity: sha512-HHwWL5XBBH1jWbkier970bgm0mTVvFj4zUPHbqYrX4SdgPXilPmYDKU3aAh8s8CUgbHLnh06+1PPlxALpZqBbg==}
    dependencies:
      '@polymer/polymer': 3.5.1
      '@vaadin/component-base': 24.3.11
      '@vaadin/scroller': 24.3.11
      '@vaadin/tabs': 24.3.11
      '@vaadin/vaadin-lumo-styles': 24.3.11
      '@vaadin/vaadin-material-styles': 24.3.11
      '@vaadin/vaadin-themable-mixin': 24.3.11
    dev: false

  /@vaadin/text-area@24.3.11:
    resolution: {integrity: sha512-s2ETUMPSyizfjZFw9Ked48STme4CCV/Em5AohooVsxy3t92nDAL3M8s8BmMm+KHNVIlMoJrWZKXWqt566VgHoQ==}
    dependencies:
      '@open-wc/dedupe-mixin': 1.4.0
      '@polymer/polymer': 3.5.1
      '@vaadin/a11y-base': 24.3.11
      '@vaadin/component-base': 24.3.11
      '@vaadin/field-base': 24.3.11
      '@vaadin/input-container': 24.3.11
      '@vaadin/vaadin-lumo-styles': 24.3.11
      '@vaadin/vaadin-material-styles': 24.3.11
      '@vaadin/vaadin-themable-mixin': 24.3.11
      lit: 3.1.3
    dev: false

  /@vaadin/text-field@24.3.11:
    resolution: {integrity: sha512-lFdbZ3fbJwQzLyubyWwMCXFAvIhwqaQavP9RbxFT7kXbJb0vHIQvcgzhUyKE2zdzVMZ+3c8VhWnUFX6xDFAg0Q==}
    dependencies:
      '@open-wc/dedupe-mixin': 1.4.0
      '@polymer/polymer': 3.5.1
      '@vaadin/a11y-base': 24.3.11
      '@vaadin/component-base': 24.3.11
      '@vaadin/field-base': 24.3.11
      '@vaadin/input-container': 24.3.11
      '@vaadin/vaadin-lumo-styles': 24.3.11
      '@vaadin/vaadin-material-styles': 24.3.11
      '@vaadin/vaadin-themable-mixin': 24.3.11
      lit: 3.1.3
    dev: false

  /@vaadin/tooltip@24.3.11:
    resolution: {integrity: sha512-DmeJ3mbmUyAl6vVsUGdr0n5bOUVDI4s9/ooRV5AJJJaimIGfkIIHI46l+YZvgFSyL1Z0ATiqzhnsDSbAiwynbQ==}
    dependencies:
      '@open-wc/dedupe-mixin': 1.4.0
      '@polymer/polymer': 3.5.1
      '@vaadin/a11y-base': 24.3.11
      '@vaadin/component-base': 24.3.11
      '@vaadin/overlay': 24.3.11
      '@vaadin/vaadin-lumo-styles': 24.3.11
      '@vaadin/vaadin-material-styles': 24.3.11
      '@vaadin/vaadin-themable-mixin': 24.3.11
    dev: false

  /@vaadin/vaadin-development-mode-detector@2.0.6:
    resolution: {integrity: sha512-N6a5nLT/ytEUlpPo+nvdCKIGoyNjPsj3rzPGvGYK8x9Ceg76OTe1xI/GtN71mRW9e2HUScR0kCNOkl1Z63YDjw==}
    dev: false

  /@vaadin/vaadin-lumo-styles@24.3.11:
    resolution: {integrity: sha512-IWfIRMMX6LkgZ097akVzvMrUPp6sS9WThNHlve/8MibAnHTore4av5PDEy7IQwTGs5YrJr0S73+bQXeNYhS7dg==}
    dependencies:
      '@polymer/polymer': 3.5.1
      '@vaadin/component-base': 24.3.11
      '@vaadin/icon': 24.3.11
      '@vaadin/vaadin-themable-mixin': 24.3.11
    dev: false

  /@vaadin/vaadin-material-styles@24.3.11:
    resolution: {integrity: sha512-rPMTb45Qvgl5YqwGbhFEEMOdZPu2lVA2bHY0LA0Ld1VC8CXFO8rzElCK9elfjSqKY9r7yrvlUFdFGQOHHoasrw==}
    dependencies:
      '@polymer/polymer': 3.5.1
      '@vaadin/component-base': 24.3.11
      '@vaadin/vaadin-themable-mixin': 24.3.11
    dev: false

  /@vaadin/vaadin-themable-mixin@24.3.11:
    resolution: {integrity: sha512-DTjg4j6QW0k/dlWXrS3djwq1f+iMx0zvpex55GzpFFHE/Ccf7V6IrRgdjCkYxoy+Io7FrEmRmWNrkHwmtve14Q==}
    dependencies:
      '@open-wc/dedupe-mixin': 1.4.0
      lit: 3.1.3
    dev: false

  /@vaadin/vaadin-usage-statistics@2.1.2:
    resolution: {integrity: sha512-xKs1PvRfTXsG0eWWcImLXWjv7D+f1vfoIvovppv6pZ5QX8xgcxWUdNgERlOOdGt3CTuxQXukTBW3+Qfva+OXSg==}
    engines: {node: ^12.20.0 || ^14.13.1 || >=16.0.0}
    requiresBuild: true
    dependencies:
      '@vaadin/vaadin-development-mode-detector': 2.0.6
    dev: false

  /@vaadin/vertical-layout@24.3.11:
    resolution: {integrity: sha512-SjDi8fHisUPCF6rPInxRhI0pPZHwlGR8HAmDNr3fEHyKllj3BT4ux5fCb2seAeb0tjYB8zjVbeTVvNRgy/FijQ==}
    dependencies:
      '@polymer/polymer': 3.5.1
      '@vaadin/component-base': 24.3.11
      '@vaadin/vaadin-lumo-styles': 24.3.11
      '@vaadin/vaadin-material-styles': 24.3.11
      '@vaadin/vaadin-themable-mixin': 24.3.11
    dev: false

  /@webcomponents/shadycss@1.11.2:
    resolution: {integrity: sha512-vRq+GniJAYSBmTRnhCYPAPq6THYqovJ/gzGThWbgEZUQaBccndGTi1hdiUP15HzEco0I6t4RCtXyX0rsSmwgPw==}
    dev: false

  /codemirror@6.0.1(@lezer/common@1.2.1):
    resolution: {integrity: sha512-J8j+nZ+CdWmIeFIGXEFbFPtpiYacFMDR8GlHK3IyHQJMCaVRfGx9NT+Hxivv1ckLWPvNdZqndbr/7lVhrf/Svg==}
    dependencies:
      '@codemirror/autocomplete': 6.16.0(@codemirror/language@6.10.1)(@codemirror/state@6.4.1)(@codemirror/view@6.26.3)(@lezer/common@1.2.1)
      '@codemirror/commands': 6.5.0
      '@codemirror/language': 6.10.1
      '@codemirror/lint': 6.7.0
      '@codemirror/search': 6.5.6
      '@codemirror/state': 6.4.1
      '@codemirror/view': 6.26.3
    transitivePeerDependencies:
      - '@lezer/common'
    dev: false

  /crelt@1.0.6:
    resolution: {integrity: sha512-VQ2MBenTq1fWZUH9DJNGti7kKv6EeAuYr3cLwxUWhIu1baTaXh4Ib5W2CqHVqib4/MqbYGJqiL3Zb8GJZr3l4g==}
    dev: false

  /esbuild@0.20.2:
    resolution: {integrity: sha512-WdOOppmUNU+IbZ0PaDiTst80zjnrOkyJNHoKupIcVyU8Lvla3Ugx94VzkQ32Ijqd7UhHJy75gNWDMUekcrSJ6g==}
    engines: {node: '>=12'}
    hasBin: true
    requiresBuild: true
    optionalDependencies:
      '@esbuild/aix-ppc64': 0.20.2
      '@esbuild/android-arm': 0.20.2
      '@esbuild/android-arm64': 0.20.2
      '@esbuild/android-x64': 0.20.2
      '@esbuild/darwin-arm64': 0.20.2
      '@esbuild/darwin-x64': 0.20.2
      '@esbuild/freebsd-arm64': 0.20.2
      '@esbuild/freebsd-x64': 0.20.2
      '@esbuild/linux-arm': 0.20.2
      '@esbuild/linux-arm64': 0.20.2
      '@esbuild/linux-ia32': 0.20.2
      '@esbuild/linux-loong64': 0.20.2
      '@esbuild/linux-mips64el': 0.20.2
      '@esbuild/linux-ppc64': 0.20.2
      '@esbuild/linux-riscv64': 0.20.2
      '@esbuild/linux-s390x': 0.20.2
      '@esbuild/linux-x64': 0.20.2
      '@esbuild/netbsd-x64': 0.20.2
      '@esbuild/openbsd-x64': 0.20.2
      '@esbuild/sunos-x64': 0.20.2
      '@esbuild/win32-arm64': 0.20.2
      '@esbuild/win32-ia32': 0.20.2
      '@esbuild/win32-x64': 0.20.2
    dev: true

  /fsevents@2.3.3:
    resolution: {integrity: sha512-5xoDfX+fL7faATnagmWPpbFtwh/R77WmMMqqHGS65C3vvB0YHrgF+B1YmZ3441tMj5n63k0212XNoJwzlhffQw==}
    engines: {node: ^8.16.0 || ^10.6.0 || >=11.0.0}
    os: [darwin]
    requiresBuild: true
    dev: true
    optional: true

  /lit-element@4.0.5:
    resolution: {integrity: sha512-iTWskWZEtn9SyEf4aBG6rKT8GABZMrTWop1+jopsEOgEcugcXJGKuX5bEbkq9qfzY+XB4MAgCaSPwnNpdsNQ3Q==}
    dependencies:
      '@lit-labs/ssr-dom-shim': 1.2.0
      '@lit/reactive-element': 2.0.4
      lit-html: 3.1.3
    dev: false

  /lit-html@3.1.3:
    resolution: {integrity: sha512-FwIbqDD8O/8lM4vUZ4KvQZjPPNx7V1VhT7vmRB8RBAO0AU6wuTVdoXiu2CivVjEGdugvcbPNBLtPE1y0ifplHA==}
    dependencies:
      '@types/trusted-types': 2.0.7
    dev: false

  /lit@3.1.3:
    resolution: {integrity: sha512-l4slfspEsnCcHVRTvaP7YnkTZEZggNFywLEIhQaGhYDczG+tu/vlgm/KaWIEjIp+ZyV20r2JnZctMb8LeLCG7Q==}
    dependencies:
      '@lit/reactive-element': 2.0.4
      lit-element: 4.0.5
      lit-html: 3.1.3
    dev: false

  /mobx@6.12.3:
    resolution: {integrity: sha512-c8NKkO4R2lShkSXZ2Ongj1ycjugjzFFo/UswHBnS62y07DMcTc9Rvo03/3nRyszIvwPNljlkd4S828zIBv/piw==}
    dev: false

  /nanoid@3.3.7:
    resolution: {integrity: sha512-eSRppjcPIatRIMC1U6UngP8XFcz8MQWGQdt1MTBQ7NaAmvXDfvNxbvWV3x2y6CdEUciCSsDHDQZbhYaB8QEo2g==}
    engines: {node: ^10 || ^12 || ^13.7 || ^14 || >=15.0.1}
    hasBin: true
    dev: true

  /picocolors@1.0.0:
    resolution: {integrity: sha512-1fygroTLlHu66zi26VoTDv8yRgm0Fccecssto+MhsZ0D/DGW2sm8E8AjW7NU5VVTRt5GxbeZ5qBuJr+HyLYkjQ==}
    dev: true

  /postcss@8.4.38:
    resolution: {integrity: sha512-Wglpdk03BSfXkHoQa3b/oulrotAkwrlLDRSOb9D0bN86FdRyE9lppSp33aHNPgBa0JKCoB+drFLZkQoRRYae5A==}
    engines: {node: ^10 || ^12 || >=14}
    dependencies:
      nanoid: 3.3.7
      picocolors: 1.0.0
      source-map-js: 1.2.0
    dev: true

  /rollup@4.17.2:
    resolution: {integrity: sha512-/9ClTJPByC0U4zNLowV1tMBe8yMEAxewtR3cUNX5BoEpGH3dQEWpJLr6CLp0fPdYRF/fzVOgvDb1zXuakwF5kQ==}
    engines: {node: '>=18.0.0', npm: '>=8.0.0'}
    hasBin: true
    dependencies:
      '@types/estree': 1.0.5
    optionalDependencies:
      '@rollup/rollup-android-arm-eabi': 4.17.2
      '@rollup/rollup-android-arm64': 4.17.2
      '@rollup/rollup-darwin-arm64': 4.17.2
      '@rollup/rollup-darwin-x64': 4.17.2
      '@rollup/rollup-linux-arm-gnueabihf': 4.17.2
      '@rollup/rollup-linux-arm-musleabihf': 4.17.2
      '@rollup/rollup-linux-arm64-gnu': 4.17.2
      '@rollup/rollup-linux-arm64-musl': 4.17.2
      '@rollup/rollup-linux-powerpc64le-gnu': 4.17.2
      '@rollup/rollup-linux-riscv64-gnu': 4.17.2
      '@rollup/rollup-linux-s390x-gnu': 4.17.2
      '@rollup/rollup-linux-x64-gnu': 4.17.2
      '@rollup/rollup-linux-x64-musl': 4.17.2
      '@rollup/rollup-win32-arm64-msvc': 4.17.2
      '@rollup/rollup-win32-ia32-msvc': 4.17.2
      '@rollup/rollup-win32-x64-msvc': 4.17.2
      fsevents: 2.3.3
    dev: true

  /source-map-js@1.2.0:
    resolution: {integrity: sha512-itJW8lvSA0TXEphiRoawsCksnlf8SyvmFzIhltqAHluXd88pkCd+cXJVHTDwdCr0IzwptSm035IHQktUu1QUMg==}
    engines: {node: '>=0.10.0'}
    dev: true

  /style-mod@4.1.2:
    resolution: {integrity: sha512-wnD1HyVqpJUI2+eKZ+eo1UwghftP6yuFheBqqe+bWCotBjC2K1YnteJILRMs3SM4V/0dLEW1SC27MWP5y+mwmw==}
    dev: false

  /typescript@5.4.5:
    resolution: {integrity: sha512-vcI4UpRgg81oIRUFwR0WSIHKt11nJ7SAVlYNIu+QpqeyXP+gpQJy/Z4+F0aGxSE4MqwjyXvW/TzgkLAx2AGHwQ==}
    engines: {node: '>=14.17'}
    hasBin: true
    dev: true

  /vite@5.2.11:
    resolution: {integrity: sha512-HndV31LWW05i1BLPMUCE1B9E9GFbOu1MbenhS58FuK6owSO5qHm7GiCotrNY1YE5rMeQSFBGmT5ZaLEjFizgiQ==}
    engines: {node: ^18.0.0 || >=20.0.0}
    hasBin: true
    peerDependencies:
      '@types/node': ^18.0.0 || >=20.0.0
      less: '*'
      lightningcss: ^1.21.0
      sass: '*'
      stylus: '*'
      sugarss: '*'
      terser: ^5.4.0
    peerDependenciesMeta:
      '@types/node':
        optional: true
      less:
        optional: true
      lightningcss:
        optional: true
      sass:
        optional: true
      stylus:
        optional: true
      sugarss:
        optional: true
      terser:
        optional: true
    dependencies:
      esbuild: 0.20.2
      postcss: 8.4.38
      rollup: 4.17.2
    optionalDependencies:
      fsevents: 2.3.3
    dev: true

  /w3c-keyname@2.2.8:
    resolution: {integrity: sha512-dpojBhNsCNN7T82Tm7k26A6G9ML3NkhDsnw9n/eoxSRlVBB4CEtIQ/KTCLI2Fwf3ataSXRhYFkQi3SlnFwPvPQ==}
    dev: false
